// !$*UTF8*$!
{
	archiveVersion = 1;
	classes = {
	};
	objectVersion = 77;
	objects = {

/* Begin PBXContainerItemProxy section */
		0B8022012DCA56DF00CE89A2 /* PBXContainerItemProxy */ = {
			isa = PBXContainerItemProxy;
			containerPortal = 0B8021EB2DCA56DE00CE89A2 /* Project object */;
			proxyType = 1;
			remoteGlobalIDString = 0B8021F22DCA56DE00CE89A2;
			remoteInfo = SaunaQuizVer2;
		};
		0B80220B2DCA56DF00CE89A2 /* PBXContainerItemProxy */ = {
			isa = PBXContainerItemProxy;
			containerPortal = 0B8021EB2DCA56DE00CE89A2 /* Project object */;
			proxyType = 1;
			remoteGlobalIDString = 0B8021F22DCA56DE00CE89A2;
			remoteInfo = SaunaQuizVer2;
		};
/* End PBXContainerItemProxy section */

/* Begin PBXFileReference section */
		0B8021F32DCA56DE00CE89A2 /* SaunaQuizVer2.app */ = {isa = PBXFileReference; explicitFileType = wrapper.application; includeInIndex = 0; path = SaunaQuizVer2.app; sourceTree = BUILT_PRODUCTS_DIR; };
		0B8022002DCA56DF00CE89A2 /* SaunaQuizVer2Tests.xctest */ = {isa = PBXFileReference; explicitFileType = wrapper.cfbundle; includeInIndex = 0; path = SaunaQuizVer2Tests.xctest; sourceTree = BUILT_PRODUCTS_DIR; };
		0B80220A2DCA56DF00CE89A2 /* SaunaQuizVer2UITests.xctest */ = {isa = PBXFileReference; explicitFileType = wrapper.cfbundle; includeInIndex = 0; path = SaunaQuizVer2UITests.xctest; sourceTree = BUILT_PRODUCTS_DIR; };
/* End PBXFileReference section */

/* Begin PBXFileSystemSynchronizedRootGroup section */
		0B8021F52DCA56DE00CE89A2 /* SaunaQuizVer2 */ = {
			isa = PBXFileSystemSynchronizedRootGroup;
			path = SaunaQuizVer2;
			sourceTree = "<group>";
		};
		0B8022032DCA56DF00CE89A2 /* SaunaQuizVer2Tests */ = {
			isa = PBXFileSystemSynchronizedRootGroup;
			path = SaunaQuizVer2Tests;
			sourceTree = "<group>";
		};
		0B80220D2DCA56DF00CE89A2 /* SaunaQuizVer2UITests */ = {
			isa = PBXFileSystemSynchronizedRootGroup;
			path = SaunaQuizVer2UITests;
			sourceTree = "<group>";
		};
/* End PBXFileSystemSynchronizedRootGroup section */

/* Begin PBXFrameworksBuildPhase section */
		0B8021F02DCA56DE00CE89A2 /* Frameworks */ = {
			isa = PBXFrameworksBuildPhase;
			buildActionMask = 2147483647;
			files = (
			);
			runOnlyForDeploymentPostprocessing = 0;
		};
		0B8021FD2DCA56DF00CE89A2 /* Frameworks */ = {
			isa = PBXFrameworksBuildPhase;
			buildActionMask = 2147483647;
			files = (
			);
			runOnlyForDeploymentPostprocessing = 0;
		};
		0B8022072DCA56DF00CE89A2 /* Frameworks */ = {
			isa = PBXFrameworksBuildPhase;
			buildActionMask = 2147483647;
			files = (
			);
			runOnlyForDeploymentPostprocessing = 0;
		};
/* End PBXFrameworksBuildPhase section */

/* Begin PBXGroup section */
		0B8021EA2DCA56DE00CE89A2 = {
			isa = PBXGroup;
			children = (
				0B8021F52DCA56DE00CE89A2 /* SaunaQuizVer2 */,
				0B8022032DCA56DF00CE89A2 /* SaunaQuizVer2Tests */,
				0B80220D2DCA56DF00CE89A2 /* SaunaQuizVer2UITests */,
				0B8021F42DCA56DE00CE89A2 /* Products */,
			);
			sourceTree = "<group>";
		};
		0B8021F42DCA56DE00CE89A2 /* Products */ = {
			isa = PBXGroup;
			children = (
				0B8021F32DCA56DE00CE89A2 /* SaunaQuizVer2.app */,
				0B8022002DCA56DF00CE89A2 /* SaunaQuizVer2Tests.xctest */,
				0B80220A2DCA56DF00CE89A2 /* SaunaQuizVer2UITests.xctest */,
			);
			name = Products;
			sourceTree = "<group>";
		};
/* End PBXGroup section */

/* Begin PBXNativeTarget section */
		0B8021F22DCA56DE00CE89A2 /* SaunaQuizVer2 */ = {
			isa = PBXNativeTarget;
			buildConfigurationList = 0B8022142DCA56DF00CE89A2 /* Build configuration list for PBXNativeTarget "SaunaQuizVer2" */;
			buildPhases = (
				0B8021EF2DCA56DE00CE89A2 /* Sources */,
				0B8021F02DCA56DE00CE89A2 /* Frameworks */,
				0B8021F12DCA56DE00CE89A2 /* Resources */,
			);
			buildRules = (
			);
			dependencies = (
			);
			fileSystemSynchronizedGroups = (
				0B8021F52DCA56DE00CE89A2 /* SaunaQuizVer2 */,
			);
			name = SaunaQuizVer2;
			packageProductDependencies = (
			);
			productName = SaunaQuizVer2;
			productReference = 0B8021F32DCA56DE00CE89A2 /* SaunaQuizVer2.app */;
			productType = "com.apple.product-type.application";
		};
		0B8021FF2DCA56DF00CE89A2 /* SaunaQuizVer2Tests */ = {
			isa = PBXNativeTarget;
			buildConfigurationList = 0B8022172DCA56DF00CE89A2 /* Build configuration list for PBXNativeTarget "SaunaQuizVer2Tests" */;
			buildPhases = (
				0B8021FC2DCA56DF00CE89A2 /* Sources */,
				0B8021FD2DCA56DF00CE89A2 /* Frameworks */,
				0B8021FE2DCA56DF00CE89A2 /* Resources */,
			);
			buildRules = (
			);
			dependencies = (
				0B8022022DCA56DF00CE89A2 /* PBXTargetDependency */,
			);
			fileSystemSynchronizedGroups = (
				0B8022032DCA56DF00CE89A2 /* SaunaQuizVer2Tests */,
			);
			name = SaunaQuizVer2Tests;
			packageProductDependencies = (
			);
			productName = SaunaQuizVer2Tests;
			productReference = 0B8022002DCA56DF00CE89A2 /* SaunaQuizVer2Tests.xctest */;
			productType = "com.apple.product-type.bundle.unit-test";
		};
		0B8022092DCA56DF00CE89A2 /* SaunaQuizVer2UITests */ = {
			isa = PBXNativeTarget;
			buildConfigurationList = 0B80221A2DCA56DF00CE89A2 /* Build configuration list for PBXNativeTarget "SaunaQuizVer2UITests" */;
			buildPhases = (
				0B8022062DCA56DF00CE89A2 /* Sources */,
				0B8022072DCA56DF00CE89A2 /* Frameworks */,
				0B8022082DCA56DF00CE89A2 /* Resources */,
			);
			buildRules = (
			);
			dependencies = (
				0B80220C2DCA56DF00CE89A2 /* PBXTargetDependency */,
			);
			fileSystemSynchronizedGroups = (
				0B80220D2DCA56DF00CE89A2 /* SaunaQuizVer2UITests */,
			);
			name = SaunaQuizVer2UITests;
			packageProductDependencies = (
			);
			productName = SaunaQuizVer2UITests;
			productReference = 0B80220A2DCA56DF00CE89A2 /* SaunaQuizVer2UITests.xctest */;
			productType = "com.apple.product-type.bundle.ui-testing";
		};
/* End PBXNativeTarget section */

/* Begin PBXProject section */
		0B8021EB2DCA56DE00CE89A2 /* Project object */ = {
			isa = PBXProject;
			attributes = {
				BuildIndependentTargetsInParallel = 1;
				LastSwiftUpdateCheck = 1630;
				LastUpgradeCheck = 1630;
				TargetAttributes = {
					0B8021F22DCA56DE00CE89A2 = {
						CreatedOnToolsVersion = 16.3;
					};
					0B8021FF2DCA56DF00CE89A2 = {
						CreatedOnToolsVersion = 16.3;
						TestTargetID = 0B8021F22DCA56DE00CE89A2;
					};
					0B8022092DCA56DF00CE89A2 = {
						CreatedOnToolsVersion = 16.3;
						TestTargetID = 0B8021F22DCA56DE00CE89A2;
					};
				};
			};
			buildConfigurationList = 0B8021EE2DCA56DE00CE89A2 /* Build configuration list for PBXProject "SaunaQuizVer2" */;
			developmentRegion = en;
			hasScannedForEncodings = 0;
			knownRegions = (
				en,
				Base,
			);
			mainGroup = 0B8021EA2DCA56DE00CE89A2;
			minimizedProjectReferenceProxies = 1;
			preferredProjectObjectVersion = 77;
			productRefGroup = 0B8021F42DCA56DE00CE89A2 /* Products */;
			projectDirPath = "";
			projectRoot = "";
			targets = (
				0B8021F22DCA56DE00CE89A2 /* SaunaQuizVer2 */,
				0B8021FF2DCA56DF00CE89A2 /* SaunaQuizVer2Tests */,
				0B8022092DCA56DF00CE89A2 /* SaunaQuizVer2UITests */,
			);
		};
/* End PBXProject section */

/* Begin PBXResourcesBuildPhase section */
		0B8021F12DCA56DE00CE89A2 /* Resources */ = {
			isa = PBXResourcesBuildPhase;
			buildActionMask = 2147483647;
			files = (
			);
			runOnlyForDeploymentPostprocessing = 0;
		};
		0B8021FE2DCA56DF00CE89A2 /* Resources */ = {
			isa = PBXResourcesBuildPhase;
			buildActionMask = 2147483647;
			files = (
			);
			runOnlyForDeploymentPostprocessing = 0;
		};
		0B8022082DCA56DF00CE89A2 /* Resources */ = {
			isa = PBXResourcesBuildPhase;
			buildActionMask = 2147483647;
			files = (
			);
			runOnlyForDeploymentPostprocessing = 0;
		};
/* End PBXResourcesBuildPhase section */

/* Begin PBXSourcesBuildPhase section */
		0B8021EF2DCA56DE00CE89A2 /* Sources */ = {
			isa = PBXSourcesBuildPhase;
			buildActionMask = 2147483647;
			files = (
			);
			runOnlyForDeploymentPostprocessing = 0;
		};
		0B8021FC2DCA56DF00CE89A2 /* Sources */ = {
			isa = PBXSourcesBuildPhase;
			buildActionMask = 2147483647;
			files = (
			);
			runOnlyForDeploymentPostprocessing = 0;
		};
		0B8022062DCA56DF00CE89A2 /* Sources */ = {
			isa = PBXSourcesBuildPhase;
			buildActionMask = 2147483647;
			files = (
			);
			runOnlyForDeploymentPostprocessing = 0;
		};
/* End PBXSourcesBuildPhase section */

/* Begin PBXTargetDependency section */
		0B8022022DCA56DF00CE89A2 /* PBXTargetDependency */ = {
			isa = PBXTargetDependency;
			target = 0B8021F22DCA56DE00CE89A2 /* SaunaQuizVer2 */;
			targetProxy = 0B8022012DCA56DF00CE89A2 /* PBXContainerItemProxy */;
		};
		0B80220C2DCA56DF00CE89A2 /* PBXTargetDependency */ = {
			isa = PBXTargetDependency;
			target = 0B8021F22DCA56DE00CE89A2 /* SaunaQuizVer2 */;
			targetProxy = 0B80220B2DCA56DF00CE89A2 /* PBXContainerItemProxy */;
		};
/* End PBXTargetDependency section */

/* Begin XCBuildConfiguration section */
		0B8022122DCA56DF00CE89A2 /* Debug */ = {
			isa = XCBuildConfiguration;
			buildSettings = {
				ALWAYS_SEARCH_USER_PATHS = NO;
				ASSETCATALOG_COMPILER_GENERATE_SWIFT_ASSET_SYMBOL_EXTENSIONS = YES;
				CLANG_ANALYZER_NONNULL = YES;
				CLANG_ANALYZER_NUMBER_OBJECT_CONVERSION = YES_AGGRESSIVE;
				CLANG_CXX_LANGUAGE_STANDARD = "gnu++20";
				CLANG_ENABLE_MODULES = YES;
				CLANG_ENABLE_OBJC_ARC = YES;
				CLANG_ENABLE_OBJC_WEAK = YES;
				CLANG_WARN_BLOCK_CAPTURE_AUTORELEASING = YES;
				CLANG_WARN_BOOL_CONVERSION = YES;
				CLANG_WARN_COMMA = YES;
				CLANG_WARN_CONSTANT_CONVERSION = YES;
				CLANG_WARN_DEPRECATED_OBJC_IMPLEMENTATIONS = YES;
				CLANG_WARN_DIRECT_OBJC_ISA_USAGE = YES_ERROR;
				CLANG_WARN_DOCUMENTATION_COMMENTS = YES;
				CLANG_WARN_EMPTY_BODY = YES;
				CLANG_WARN_ENUM_CONVERSION = YES;
				CLANG_WARN_INFINITE_RECURSION = YES;
				CLANG_WARN_INT_CONVERSION = YES;
				CLANG_WARN_NON_LITERAL_NULL_CONVERSION = YES;
				CLANG_WARN_OBJC_IMPLICIT_RETAIN_SELF = YES;
				CLANG_WARN_OBJC_LITERAL_CONVERSION = YES;
				CLANG_WARN_OBJC_ROOT_CLASS = YES_ERROR;
				CLANG_WARN_QUOTED_INCLUDE_IN_FRAMEWORK_HEADER = YES;
				CLANG_WARN_RANGE_LOOP_ANALYSIS = YES;
				CLANG_WARN_STRICT_PROTOTYPES = YES;
				CLANG_WARN_SUSPICIOUS_MOVE = YES;
				CLANG_WARN_UNGUARDED_AVAILABILITY = YES_AGGRESSIVE;
				CLANG_WARN_UNREACHABLE_CODE = YES;
				CLANG_WARN__DUPLICATE_METHOD_MATCH = YES;
				COPY_PHASE_STRIP = NO;
				DEBUG_INFORMATION_FORMAT = dwarf;
				DEVELOPMENT_TEAM = 2H47C28B25;
				ENABLE_STRICT_OBJC_MSGSEND = YES;
				ENABLE_TESTABILITY = YES;
				ENABLE_USER_SCRIPT_SANDBOXING = YES;
				GCC_C_LANGUAGE_STANDARD = gnu17;
				GCC_DYNAMIC_NO_PIC = NO;
				GCC_NO_COMMON_BLOCKS = YES;
				GCC_OPTIMIZATION_LEVEL = 0;
				GCC_PREPROCESSOR_DEFINITIONS = (
					"DEBUG=1",
					"$(inherited)",
				);
				GCC_WARN_64_TO_32_BIT_CONVERSION = YES;
				GCC_WARN_ABOUT_RETURN_TYPE = YES_ERROR;
				GCC_WARN_UNDECLARED_SELECTOR = YES;
				GCC_WARN_UNINITIALIZED_AUTOS = YES_AGGRESSIVE;
				GCC_WARN_UNUSED_FUNCTION = YES;
				GCC_WARN_UNUSED_VARIABLE = YES;
				IPHONEOS_DEPLOYMENT_TARGET = 18.4;
				LOCALIZATION_PREFERS_STRING_CATALOGS = YES;
				MTL_ENABLE_DEBUG_INFO = INCLUDE_SOURCE;
				MTL_FAST_MATH = YES;
				ONLY_ACTIVE_ARCH = YES;
				SDKROOT = iphoneos;
				SWIFT_ACTIVE_COMPILATION_CONDITIONS = "DEBUG $(inherited)";
				SWIFT_OPTIMIZATION_LEVEL = "-Onone";
			};
			name = Debug;
		};
		0B8022132DCA56DF00CE89A2 /* Release */ = {
			isa = XCBuildConfiguration;
			buildSettings = {
				ALWAYS_SEARCH_USER_PATHS = NO;
				ASSETCATALOG_COMPILER_GENERATE_SWIFT_ASSET_SYMBOL_EXTENSIONS = YES;
				CLANG_ANALYZER_NONNULL = YES;
				CLANG_ANALYZER_NUMBER_OBJECT_CONVERSION = YES_AGGRESSIVE;
				CLANG_CXX_LANGUAGE_STANDARD = "gnu++20";
				CLANG_ENABLE_MODULES = YES;
				CLANG_ENABLE_OBJC_ARC = YES;
				CLANG_ENABLE_OBJC_WEAK = YES;
				CLANG_WARN_BLOCK_CAPTURE_AUTORELEASING = YES;
				CLANG_WARN_BOOL_CONVERSION = YES;
				CLANG_WARN_COMMA = YES;
				CLANG_WARN_CONSTANT_CONVERSION = YES;
				CLANG_WARN_DEPRECATED_OBJC_IMPLEMENTATIONS = YES;
				CLANG_WARN_DIRECT_OBJC_ISA_USAGE = YES_ERROR;
				CLANG_WARN_DOCUMENTATION_COMMENTS = YES;
				CLANG_WARN_EMPTY_BODY = YES;
				CLANG_WARN_ENUM_CONVERSION = YES;
				CLANG_WARN_INFINITE_RECURSION = YES;
				CLANG_WARN_INT_CONVERSION = YES;
				CLANG_WARN_NON_LITERAL_NULL_CONVERSION = YES;
				CLANG_WARN_OBJC_IMPLICIT_RETAIN_SELF = YES;
				CLANG_WARN_OBJC_LITERAL_CONVERSION = YES;
				CLANG_WARN_OBJC_ROOT_CLASS = YES_ERROR;
				CLANG_WARN_QUOTED_INCLUDE_IN_FRAMEWORK_HEADER = YES;
				CLANG_WARN_RANGE_LOOP_ANALYSIS = YES;
				CLANG_WARN_STRICT_PROTOTYPES = YES;
				CLANG_WARN_SUSPICIOUS_MOVE = YES;
				CLANG_WARN_UNGUARDED_AVAILABILITY = YES_AGGRESSIVE;
				CLANG_WARN_UNREACHABLE_CODE = YES;
				CLANG_WARN__DUPLICATE_METHOD_MATCH = YES;
				COPY_PHASE_STRIP = NO;
				DEBUG_INFORMATION_FORMAT = "dwarf-with-dsym";
				DEVELOPMENT_TEAM = 2H47C28B25;
				ENABLE_NS_ASSERTIONS = NO;
				ENABLE_STRICT_OBJC_MSGSEND = YES;
				ENABLE_USER_SCRIPT_SANDBOXING = YES;
				GCC_C_LANGUAGE_STANDARD = gnu17;
				GCC_NO_COMMON_BLOCKS = YES;
				GCC_WARN_64_TO_32_BIT_CONVERSION = YES;
				GCC_WARN_ABOUT_RETURN_TYPE = YES_ERROR;
				GCC_WARN_UNDECLARED_SELECTOR = YES;
				GCC_WARN_UNINITIALIZED_AUTOS = YES_AGGRESSIVE;
				GCC_WARN_UNUSED_FUNCTION = YES;
				GCC_WARN_UNUSED_VARIABLE = YES;
				IPHONEOS_DEPLOYMENT_TARGET = 18.4;
				LOCALIZATION_PREFERS_STRING_CATALOGS = YES;
				MTL_ENABLE_DEBUG_INFO = NO;
				MTL_FAST_MATH = YES;
				SDKROOT = iphoneos;
				SWIFT_COMPILATION_MODE = wholemodule;
				VALIDATE_PRODUCT = YES;
			};
			name = Release;
		};
		0B8022152DCA56DF00CE89A2 /* Debug */ = {
			isa = XCBuildConfiguration;
			buildSettings = {
				ASSETCATALOG_COMPILER_APPICON_NAME = AppIcon;
				ASSETCATALOG_COMPILER_GLOBAL_ACCENT_COLOR_NAME = AccentColor;
				CODE_SIGN_STYLE = Automatic;
				CURRENT_PROJECT_VERSION = 1;
				DEVELOPMENT_TEAM = 2H47C28B25;
				ENABLE_PREVIEWS = YES;
				GENERATE_INFOPLIST_FILE = YES;
				INFOPLIST_KEY_UIApplicationSceneManifest_Generation = YES;
				INFOPLIST_KEY_UIApplicationSupportsIndirectInputEvents = YES;
				INFOPLIST_KEY_UILaunchScreen_Generation = YES;
				INFOPLIST_KEY_UISupportedInterfaceOrientations_iPad = "UIInterfaceOrientationPortrait UIInterfaceOrientationPortraitUpsideDown UIInterfaceOrientationLandscapeLeft UIInterfaceOrientationLandscapeRight";
				INFOPLIST_KEY_UISupportedInterfaceOrientations_iPhone = "UIInterfaceOrientationPortrait UIInterfaceOrientationLandscapeLeft UIInterfaceOrientationLandscapeRight";
				LD_RUNPATH_SEARCH_PATHS = (
					"$(inherited)",
					"@executable_path/Frameworks",
				);
				MARKETING_VERSION = 1.0;
				PRODUCT_BUNDLE_IDENTIFIER = com.su.SaunaQuizVer2;
				PRODUCT_NAME = "$(TARGET_NAME)";
				SWIFT_EMIT_LOC_STRINGS = YES;
				SWIFT_VERSION = 5.0;
				TARGETED_DEVICE_FAMILY = "1,2";
			};
			name = Debug;
		};
		0B8022162DCA56DF00CE89A2 /* Release */ = {
			isa = XCBuildConfiguration;
			buildSettings = {
				ASSETCATALOG_COMPILER_APPICON_NAME = AppIcon;
				ASSETCATALOG_COMPILER_GLOBAL_ACCENT_COLOR_NAME = AccentColor;
				CODE_SIGN_STYLE = Automatic;
				CURRENT_PROJECT_VERSION = 1;
				DEVELOPMENT_TEAM = 2H47C28B25;
				ENABLE_PREVIEWS = YES;
				GENERATE_INFOPLIST_FILE = YES;
				INFOPLIST_KEY_UIApplicationSceneManifest_Generation = YES;
				INFOPLIST_KEY_UIApplicationSupportsIndirectInputEvents = YES;
				INFOPLIST_KEY_UILaunchScreen_Generation = YES;
				INFOPLIST_KEY_UISupportedInterfaceOrientations_iPad = "UIInterfaceOrientationPortrait UIInterfaceOrientationPortraitUpsideDown UIInterfaceOrientationLandscapeLeft UIInterfaceOrientationLandscapeRight";
				INFOPLIST_KEY_UISupportedInterfaceOrientations_iPhone = "UIInterfaceOrientationPortrait UIInterfaceOrientationLandscapeLeft UIInterfaceOrientationLandscapeRight";
				LD_RUNPATH_SEARCH_PATHS = (
					"$(inherited)",
					"@executable_path/Frameworks",
				);
				MARKETING_VERSION = 1.0;
				PRODUCT_BUNDLE_IDENTIFIER = com.su.SaunaQuizVer2;
				PRODUCT_NAME = "$(TARGET_NAME)";
				SWIFT_EMIT_LOC_STRINGS = YES;
				SWIFT_VERSION = 5.0;
				TARGETED_DEVICE_FAMILY = "1,2";
			};
			name = Release;
		};
		0B8022182DCA56DF00CE89A2 /* Debug */ = {
			isa = XCBuildConfiguration;
			buildSettings = {
				BUNDLE_LOADER = "$(TEST_HOST)";
				CODE_SIGN_STYLE = Automatic;
				CURRENT_PROJECT_VERSION = 1;
				DEVELOPMENT_TEAM = 2H47C28B25;
				GENERATE_INFOPLIST_FILE = YES;
				IPHONEOS_DEPLOYMENT_TARGET = 18.4;
				MARKETING_VERSION = 1.0;
				PRODUCT_BUNDLE_IDENTIFIER = com.su.SaunaQuizVer2Tests;
				PRODUCT_NAME = "$(TARGET_NAME)";
				SWIFT_EMIT_LOC_STRINGS = NO;
				SWIFT_VERSION = 5.0;
				TARGETED_DEVICE_FAMILY = "1,2";
				TEST_HOST = "$(BUILT_PRODUCTS_DIR)/SaunaQuizVer2.app/$(BUNDLE_EXECUTABLE_FOLDER_PATH)/SaunaQuizVer2";
			};
			name = Debug;
		};
		0B8022192DCA56DF00CE89A2 /* Release */ = {
			isa = XCBuildConfiguration;
			buildSettings = {
				BUNDLE_LOADER = "$(TEST_HOST)";
				CODE_SIGN_STYLE = Automatic;
				CURRENT_PROJECT_VERSION = 1;
				DEVELOPMENT_TEAM = 2H47C28B25;
				GENERATE_INFOPLIST_FILE = YES;
				IPHONEOS_DEPLOYMENT_TARGET = 18.4;
				MARKETING_VERSION = 1.0;
				PRODUCT_BUNDLE_IDENTIFIER = com.su.SaunaQuizVer2Tests;
				PRODUCT_NAME = "$(TARGET_NAME)";
				SWIFT_EMIT_LOC_STRINGS = NO;
				SWIFT_VERSION = 5.0;
				TARGETED_DEVICE_FAMILY = "1,2";
				TEST_HOST = "$(BUILT_PRODUCTS_DIR)/SaunaQuizVer2.app/$(BUNDLE_EXECUTABLE_FOLDER_PATH)/SaunaQuizVer2";
			};
			name = Release;
		};
		0B80221B2DCA56DF00CE89A2 /* Debug */ = {
			isa = XCBuildConfiguration;
			buildSettings = {
				CODE_SIGN_STYLE = Automatic;
				CURRENT_PROJECT_VERSION = 1;
				DEVELOPMENT_TEAM = 2H47C28B25;
				GENERATE_INFOPLIST_FILE = YES;
				MARKETING_VERSION = 1.0;
				PRODUCT_BUNDLE_IDENTIFIER = com.su.SaunaQuizVer2UITests;
				PRODUCT_NAME = "$(TARGET_NAME)";
				SWIFT_EMIT_LOC_STRINGS = NO;
				SWIFT_VERSION = 5.0;
				TARGETED_DEVICE_FAMILY = "1,2";
				TEST_TARGET_NAME = SaunaQuizVer2;
			};
			name = Debug;
		};
		0B80221C2DCA56DF00CE89A2 /* Release */ = {
			isa = XCBuildConfiguration;
			buildSettings = {
				CODE_SIGN_STYLE = Automatic;
				CURRENT_PROJECT_VERSION = 1;
				DEVELOPMENT_TEAM = 2H47C28B25;
				GENERATE_INFOPLIST_FILE = YES;
				MARKETING_VERSION = 1.0;
				PRODUCT_BUNDLE_IDENTIFIER = com.su.SaunaQuizVer2UITests;
				PRODUCT_NAME = "$(TARGET_NAME)";
				SWIFT_EMIT_LOC_STRINGS = NO;
				SWIFT_VERSION = 5.0;
				TARGETED_DEVICE_FAMILY = "1,2";
				TEST_TARGET_NAME = SaunaQuizVer2;
			};
			name = Release;
		};
/* End XCBuildConfiguration section */

/* Begin XCConfigurationList section */
		0B8021EE2DCA56DE00CE89A2 /* Build configuration list for PBXProject "SaunaQuizVer2" */ = {
			isa = XCConfigurationList;
			buildConfigurations = (
				0B8022122DCA56DF00CE89A2 /* Debug */,
				0B8022132DCA56DF00CE89A2 /* Release */,
			);
			defaultConfigurationIsVisible = 0;
			defaultConfigurationName = Release;
		};
		0B8022142DCA56DF00CE89A2 /* Build configuration list for PBXNativeTarget "SaunaQuizVer2" */ = {
			isa = XCConfigurationList;
			buildConfigurations = (
				0B8022152DCA56DF00CE89A2 /* Debug */,
				0B8022162DCA56DF00CE89A2 /* Release */,
			);
			defaultConfigurationIsVisible = 0;
			defaultConfigurationName = Release;
		};
		0B8022172DCA56DF00CE89A2 /* Build configuration list for PBXNativeTarget "SaunaQuizVer2Tests" */ = {
			isa = XCConfigurationList;
			buildConfigurations = (
				0B8022182DCA56DF00CE89A2 /* Debug */,
				0B8022192DCA56DF00CE89A2 /* Release */,
			);
			defaultConfigurationIsVisible = 0;
			defaultConfigurationName = Release;
		};
		0B80221A2DCA56DF00CE89A2 /* Build configuration list for PBXNativeTarget "SaunaQuizVer2UITests" */ = {
			isa = XCConfigurationList;
			buildConfigurations = (
				0B80221B2DCA56DF00CE89A2 /* Debug */,
				0B80221C2DCA56DF00CE89A2 /* Release */,
			);
			defaultConfigurationIsVisible = 0;
			defaultConfigurationName = Release;
		};
/* End XCConfigurationList section */
	};
	rootObject = 0B8021EB2DCA56DE00CE89A2 /* Project object */;
}
